
Microsoft Visual Studio Solution File, Format Version 10.00
# Visual Studio 2008
Project("{F2A71F9B-5D33-465A-A702-920D77279786}") = "Tutorial003", "Tutorial003.fsproj", "{9E9D716C-BFA7-47F4-BD2D-A0A2504B1966}"
EndProject
Global
	GlobalSection(SolutionConfigurationPlatforms) = preSolution
		Debug|Any CPU = Debug|Any CPU
		Release|Any CPU = Release|Any CPU
	EndGlobalSection
	GlobalSection(ProjectConfigurationPlatforms) = postSolution
		{9E9D716C-BFA7-47F4-BD2D-A0A2504B1966}.Debug|Any CPU.ActiveCfg = Debug|Any CPU
		{9E9D716C-BFA7-47F4-BD2D-A0A2504B1966}.Debug|Any CPU.Build.0 = Debug|Any CPU
		{9E9D716C-BFA7-47F4-BD2D-A0A2504B1966}.Release|Any CPU.ActiveCfg = Release|Any CPU
		{9E9D716C-BFA7-47F4-BD2D-A0A2504B1966}.Release|Any CPU.Build.0 = Release|Any CPU
	EndGlobalSection
	GlobalSection(SolutionProperties) = preSolution
		HideSolutionNode = FALSE
	EndGlobalSection
EndGlobal
