
Microsoft Visual Studio Solution File, Format Version 10.00
# Visual Studio 2008
Project("{F2A71F9B-5D33-465A-A702-920D77279786}") = "Tutorial010", "Tutorial010.fsproj", "{56F3ADCC-6782-480A-8CCD-CA03DBB37834}"
EndProject
Global
	GlobalSection(SolutionConfigurationPlatforms) = preSolution
		Debug|Any CPU = Debug|Any CPU
		Release|Any CPU = Release|Any CPU
	EndGlobalSection
	GlobalSection(ProjectConfigurationPlatforms) = postSolution
		{56F3ADCC-6782-480A-8CCD-CA03DBB37834}.Debug|Any CPU.ActiveCfg = Debug|Any CPU
		{56F3ADCC-6782-480A-8CCD-CA03DBB37834}.Debug|Any CPU.Build.0 = Debug|Any CPU
		{56F3ADCC-6782-480A-8CCD-CA03DBB37834}.Release|Any CPU.ActiveCfg = Release|Any CPU
		{56F3ADCC-6782-480A-8CCD-CA03DBB37834}.Release|Any CPU.Build.0 = Release|Any CPU
	EndGlobalSection
	GlobalSection(SolutionProperties) = preSolution
		HideSolutionNode = FALSE
	EndGlobalSection
EndGlobal
